<Solution>
  <Folder Name="/.github/" />
  <Folder Name="/.github/workflows/">
    <File Path="ci.yml" />
  </Folder>
  <Folder Name="/nginx/">
    <File Path="Dockerfile" />
    <File Path="nginx.conf" />
  </Folder>
  <Folder Name="/Solution Items/">
    <File Path=".env" />
    <File Path="docker-compose.yml" />
  </Folder>
  <Project Path="CIADProject/CIADProject.csproj" />
</Solution>
